
Microsoft Visual Studio Solution File, Format Version 12.00
# Visual Studio Version 16
VisualStudioVersion = 16.0.30309.148
MinimumVisualStudioVersion = 10.0.40219.1
Project("{FAE04EC0-301F-11D3-BF4B-00C04F79EFBC}") = "BluePrismExercise", "BluePrismExercise\BluePrismExercise.csproj", "{9D290F16-5ED1-4633-9AFA-DDAA000847E3}"
EndProject
Project("{FAE04EC0-301F-11D3-BF4B-00C04F79EFBC}") = "BluePrismExercise.Tests", "BluePrismExercise.Tests\BluePrismExercise.Tests.csproj", "{E8169571-DE4F-4233-BDD5-BE3C0B9F81D1}"
EndProject
Global
	GlobalSection(SolutionConfigurationPlatforms) = preSolution
		Debug|Any CPU = Debug|Any CPU
		Release|Any CPU = Release|Any CPU
	EndGlobalSection
	GlobalSection(ProjectConfigurationPlatforms) = postSolution
		{9D290F16-5ED1-4633-9AFA-DDAA000847E3}.Debug|Any CPU.ActiveCfg = Debug|Any CPU
		{9D290F16-5ED1-4633-9AFA-DDAA000847E3}.Debug|Any CPU.Build.0 = Debug|Any CPU
		{9D290F16-5ED1-4633-9AFA-DDAA000847E3}.Release|Any CPU.ActiveCfg = Release|Any CPU
		{9D290F16-5ED1-4633-9AFA-DDAA000847E3}.Release|Any CPU.Build.0 = Release|Any CPU
		{E8169571-DE4F-4233-BDD5-BE3C0B9F81D1}.Debug|Any CPU.ActiveCfg = Debug|Any CPU
		{E8169571-DE4F-4233-BDD5-BE3C0B9F81D1}.Debug|Any CPU.Build.0 = Debug|Any CPU
		{E8169571-DE4F-4233-BDD5-BE3C0B9F81D1}.Release|Any CPU.ActiveCfg = Release|Any CPU
		{E8169571-DE4F-4233-BDD5-BE3C0B9F81D1}.Release|Any CPU.Build.0 = Release|Any CPU
	EndGlobalSection
	GlobalSection(SolutionProperties) = preSolution
		HideSolutionNode = FALSE
	EndGlobalSection
	GlobalSection(ExtensibilityGlobals) = postSolution
		SolutionGuid = {F68DAC59-2D1A-4C57-AA39-4B64BD5069B6}
	EndGlobalSection
EndGlobal
